<?xml version="1.0" encoding="utf-8"?>
<Project ToolsVersion="4.0" xmlns="http://schemas.microsoft.com/developer/msbuild/2003">
  <ItemGroup>
    <ClCompile Include="src\Animation\Animation.cpp">
      <Filter>ソース ファイル\Animation</Filter>
    </ClCompile>
    <ClCompile Include="src\Collision\Collision.cpp">
      <Filter>ソース ファイル\Collision</Filter>
    </ClCompile>
    <ClCompile Include="src\Effect\Effect.cpp">
      <Filter>ソース ファイル\Effect</Filter>
    </ClCompile>
    <ClCompile Include="src\Fish\Fish.cpp">
      <Filter>ソース ファイル\Fish</Filter>
    </ClCompile>
    <ClCompile Include="src\FrameRate\FrameRate.cpp">
      <Filter>ソース ファイル\FrameRate</Filter>
    </ClCompile>
    <ClCompile Include="src\Input\Input.cpp">
      <Filter>ソース ファイル\Input</Filter>
    </ClCompile>
    <ClCompile Include="src\MathPlus\MathPlus.cpp">
      <Filter>ソース ファイル\MathPlus</Filter>
    </ClCompile>
    <ClCompile Include="src\Mouse\Mouse.cpp">
      <Filter>ソース ファイル\Mouse</Filter>
    </ClCompile>
    <ClCompile Include="src\Player\Player.cpp">
      <Filter>ソース ファイル\Player</Filter>
    </ClCompile>
    <ClCompile Include="src\Sound\Sound.cpp">
      <Filter>ソース ファイル\Sound</Filter>
    </ClCompile>
    <ClCompile Include="src\Scene\Title\Title.cpp">
      <Filter>ソース ファイル\Scene\Title</Filter>
    </ClCompile>
    <ClCompile Include="src\main.cpp">
      <Filter>ソース ファイル</Filter>
    </ClCompile>
    <ClCompile Include="src\Scene\Play\Play.cpp">
      <Filter>ソース ファイル\Play</Filter>
    </ClCompile>
  </ItemGroup>
  <ItemGroup>
    <ClInclude Include="src\Animation\Animation.h">
      <Filter>ソース ファイル\Animation</Filter>
    </ClInclude>
    <ClInclude Include="src\Collision\Collision.h">
      <Filter>ソース ファイル\Collision</Filter>
    </ClInclude>
    <ClInclude Include="src\Effect\Effect.h">
      <Filter>ソース ファイル\Effect</Filter>
    </ClInclude>
    <ClInclude Include="src\Fish\Fish.h">
      <Filter>ソース ファイル\Fish</Filter>
    </ClInclude>
    <ClInclude Include="src\FrameRate\FrameRate.h">
      <Filter>ソース ファイル\FrameRate</Filter>
    </ClInclude>
    <ClInclude Include="src\Input\Input.h">
      <Filter>ソース ファイル\Input</Filter>
    </ClInclude>
    <ClInclude Include="src\MathPlus\MathPlus.h">
      <Filter>ソース ファイル\MathPlus</Filter>
    </ClInclude>
    <ClInclude Include="src\Mouse\Mouse.h">
      <Filter>ソース ファイル\Mouse</Filter>
    </ClInclude>
    <ClInclude Include="src\Player\Player.h">
      <Filter>ソース ファイル\Player</Filter>
    </ClInclude>
    <ClInclude Include="src\Scene\Scene.h">
      <Filter>ソース ファイル\Scene</Filter>
    </ClInclude>
    <ClInclude Include="src\Sound\Sound.h">
      <Filter>ソース ファイル\Sound</Filter>
    </ClInclude>
    <ClInclude Include="src\Scene\Title\Title.h">
      <Filter>ソース ファイル\Scene\Title</Filter>
    </ClInclude>
    <ClInclude Include="src\Scene\Play\Play.h">
      <Filter>ソース ファイル\Play</Filter>
    </ClInclude>
  </ItemGroup>
  <ItemGroup>
    <Filter Include="ソース ファイル">
      <UniqueIdentifier>{afb16405-6aed-4d75-a9f6-2ef194317ff7}</UniqueIdentifier>
    </Filter>
    <Filter Include="ソース ファイル\Animation">
      <UniqueIdentifier>{bc47468a-d701-4b0c-9a7a-4084b30b66e8}</UniqueIdentifier>
    </Filter>
    <Filter Include="ソース ファイル\Collision">
      <UniqueIdentifier>{f0007dfe-4cbb-4653-a43f-8faed7627e43}</UniqueIdentifier>
    </Filter>
    <Filter Include="ソース ファイル\Effect">
      <UniqueIdentifier>{1f970159-2c7f-4edd-8858-c53e060f6c77}</UniqueIdentifier>
    </Filter>
    <Filter Include="ソース ファイル\Fish">
      <UniqueIdentifier>{41782757-ea2a-4aa9-88c3-2d6a6f931f52}</UniqueIdentifier>
    </Filter>
    <Filter Include="ソース ファイル\FrameRate">
      <UniqueIdentifier>{18ae28bf-2019-4790-8bdd-f36b65be9953}</UniqueIdentifier>
    </Filter>
    <Filter Include="ソース ファイル\Input">
      <UniqueIdentifier>{ab9d4e32-2618-4413-87ea-1c583f3c08eb}</UniqueIdentifier>
    </Filter>
    <Filter Include="ソース ファイル\MathPlus">
      <UniqueIdentifier>{f279ae0f-c0c0-4901-84a2-0f123a06e8dc}</UniqueIdentifier>
    </Filter>
    <Filter Include="ソース ファイル\Mouse">
      <UniqueIdentifier>{ed8852ad-22ea-4eed-86a6-64d61d64f04e}</UniqueIdentifier>
    </Filter>
    <Filter Include="ソース ファイル\Player">
      <UniqueIdentifier>{a8c3b33d-b349-4eb1-bc14-cebdf2cb55a2}</UniqueIdentifier>
    </Filter>
    <Filter Include="ソース ファイル\Scene">
      <UniqueIdentifier>{db75631b-5e64-4946-8409-cbfcb493385b}</UniqueIdentifier>
    </Filter>
    <Filter Include="ソース ファイル\Sound">
      <UniqueIdentifier>{208f75a1-6687-4854-8656-02f887b524e2}</UniqueIdentifier>
    </Filter>
    <Filter Include="ソース ファイル\Scene\Title">
      <UniqueIdentifier>{836b17c2-aa6d-4918-ba35-0ab3761a2533}</UniqueIdentifier>
    </Filter>
    <Filter Include="ソース ファイル\Play">
      <UniqueIdentifier>{60f419a9-1c3e-4e45-9263-59254d814f44}</UniqueIdentifier>
    </Filter>
  </ItemGroup>
</Project>